// !$*UTF8*$!
{
	archiveVersion = 1;
	classes = {
	};
	objectVersion = 56;
	objects = {

/* Begin PBXBuildFile section */
		AF43B9D3291901E800D9871A /* AppDelegate.swift in Sources */ = {isa = PBXBuildFile; fileRef = AF43B9D2291901E800D9871A /* AppDelegate.swift */; };
		AF43B9D5291901E800D9871A /* SceneDelegate.swift in Sources */ = {isa = PBXBuildFile; fileRef = AF43B9D4291901E800D9871A /* SceneDelegate.swift */; };
		AF43B9D7291901E800D9871A /* ContactsViewController.swift in Sources */ = {isa = PBXBuildFile; fileRef = AF43B9D6291901E800D9871A /* ContactsViewController.swift */; };
		AF43B9DA291901E800D9871A /* Main.storyboard in Resources */ = {isa = PBXBuildFile; fileRef = AF43B9D8291901E800D9871A /* Main.storyboard */; };
		AF43B9DF291901EB00D9871A /* Assets.xcassets in Resources */ = {isa = PBXBuildFile; fileRef = AF43B9DE291901EB00D9871A /* Assets.xcassets */; };
		AF43B9E2291901EB00D9871A /* LaunchScreen.storyboard in Resources */ = {isa = PBXBuildFile; fileRef = AF43B9E0291901EB00D9871A /* LaunchScreen.storyboard */; };
		AF43BA02291A711700D9871A /* Contacts.xcdatamodeld in Sources */ = {isa = PBXBuildFile; fileRef = AF43BA00291A711700D9871A /* Contacts.xcdatamodeld */; };
		AF43BA05291A716900D9871A /* ContactData+CoreDataClass.swift in Sources */ = {isa = PBXBuildFile; fileRef = AF43BA03291A716900D9871A /* ContactData+CoreDataClass.swift */; };
		AF43BA06291A716900D9871A /* ContactData+CoreDataProperties.swift in Sources */ = {isa = PBXBuildFile; fileRef = AF43BA04291A716900D9871A /* ContactData+CoreDataProperties.swift */; };
/* End PBXBuildFile section */

/* Begin PBXFileReference section */
		AF43B9CF291901E800D9871A /* ft_hangouts.app */ = {isa = PBXFileReference; explicitFileType = wrapper.application; includeInIndex = 0; path = ft_hangouts.app; sourceTree = BUILT_PRODUCTS_DIR; };
		AF43B9D2291901E800D9871A /* AppDelegate.swift */ = {isa = PBXFileReference; lastKnownFileType = sourcecode.swift; path = AppDelegate.swift; sourceTree = "<group>"; };
		AF43B9D4291901E800D9871A /* SceneDelegate.swift */ = {isa = PBXFileReference; lastKnownFileType = sourcecode.swift; path = SceneDelegate.swift; sourceTree = "<group>"; };
		AF43B9D6291901E800D9871A /* ContactsViewController.swift */ = {isa = PBXFileReference; lastKnownFileType = sourcecode.swift; path = ContactsViewController.swift; sourceTree = "<group>"; };
		AF43B9D9291901E800D9871A /* Base */ = {isa = PBXFileReference; lastKnownFileType = file.storyboard; name = Base; path = Base.lproj/Main.storyboard; sourceTree = "<group>"; };
		AF43B9DE291901EB00D9871A /* Assets.xcassets */ = {isa = PBXFileReference; lastKnownFileType = folder.assetcatalog; path = Assets.xcassets; sourceTree = "<group>"; };
		AF43B9E1291901EB00D9871A /* Base */ = {isa = PBXFileReference; lastKnownFileType = file.storyboard; name = Base; path = Base.lproj/LaunchScreen.storyboard; sourceTree = "<group>"; };
		AF43B9E3291901EB00D9871A /* Info.plist */ = {isa = PBXFileReference; lastKnownFileType = text.plist.xml; path = Info.plist; sourceTree = "<group>"; };
		AF43BA01291A711700D9871A /* Contacts.xcdatamodel */ = {isa = PBXFileReference; lastKnownFileType = wrapper.xcdatamodel; path = Contacts.xcdatamodel; sourceTree = "<group>"; };
		AF43BA03291A716900D9871A /* ContactData+CoreDataClass.swift */ = {isa = PBXFileReference; lastKnownFileType = sourcecode.swift; name = "ContactData+CoreDataClass.swift"; path = "Assets.xcassets/ContactData+CoreDataClass.swift"; sourceTree = "<group>"; };
		AF43BA04291A716900D9871A /* ContactData+CoreDataProperties.swift */ = {isa = PBXFileReference; lastKnownFileType = sourcecode.swift; name = "ContactData+CoreDataProperties.swift"; path = "Assets.xcassets/ContactData+CoreDataProperties.swift"; sourceTree = "<group>"; };
/* End PBXFileReference section */

/* Begin PBXFrameworksBuildPhase section */
		AF43B9CC291901E800D9871A /* Frameworks */ = {
			isa = PBXFrameworksBuildPhase;
			buildActionMask = 2147483647;
			files = (
			);
			runOnlyForDeploymentPostprocessing = 0;
		};
/* End PBXFrameworksBuildPhase section */

/* Begin PBXGroup section */
		AF43B9C6291901E800D9871A = {
			isa = PBXGroup;
			children = (
				AF43B9D1291901E800D9871A /* ft_hangouts */,
				AF43B9D0291901E800D9871A /* Products */,
			);
			sourceTree = "<group>";
		};
		AF43B9D0291901E800D9871A /* Products */ = {
			isa = PBXGroup;
			children = (
				AF43B9CF291901E800D9871A /* ft_hangouts.app */,
			);
			name = Products;
			sourceTree = "<group>";
		};
		AF43B9D1291901E800D9871A /* ft_hangouts */ = {
			isa = PBXGroup;
			children = (
				AF43B9D6291901E800D9871A /* ContactsViewController.swift */,
				AF43B9D8291901E800D9871A /* Main.storyboard */,
				AF43B9E3291901EB00D9871A /* Info.plist */,
				AF43B9E92919072100D9871A /* Supporting files */,
			);
			path = ft_hangouts;
			sourceTree = "<group>";
		};
		AF43B9E92919072100D9871A /* Supporting files */ = {
			isa = PBXGroup;
			children = (
				AF43BA03291A716900D9871A /* ContactData+CoreDataClass.swift */,
				AF43BA04291A716900D9871A /* ContactData+CoreDataProperties.swift */,
				AF43B9D2291901E800D9871A /* AppDelegate.swift */,
				AF43B9D4291901E800D9871A /* SceneDelegate.swift */,
				AF43BA00291A711700D9871A /* Contacts.xcdatamodeld */,
				AF43B9DE291901EB00D9871A /* Assets.xcassets */,
				AF43B9E0291901EB00D9871A /* LaunchScreen.storyboard */,
			);
			path = "Supporting files";
			sourceTree = "<group>";
		};
/* End PBXGroup section */

/* Begin PBXNativeTarget section */
		AF43B9CE291901E800D9871A /* ft_hangouts */ = {
			isa = PBXNativeTarget;
			buildConfigurationList = AF43B9E6291901EB00D9871A /* Build configuration list for PBXNativeTarget "ft_hangouts" */;
			buildPhases = (
				AF43B9CB291901E800D9871A /* Sources */,
				AF43B9CC291901E800D9871A /* Frameworks */,
				AF43B9CD291901E800D9871A /* Resources */,
			);
			buildRules = (
			);
			dependencies = (
			);
			name = ft_hangouts;
			productName = ft_hangouts;
			productReference = AF43B9CF291901E800D9871A /* ft_hangouts.app */;
			productType = "com.apple.product-type.application";
		};
/* End PBXNativeTarget section */

/* Begin PBXProject section */
		AF43B9C7291901E800D9871A /* Project object */ = {
			isa = PBXProject;
			attributes = {
				BuildIndependentTargetsInParallel = 1;
				LastSwiftUpdateCheck = 1410;
				LastUpgradeCheck = 1410;
				TargetAttributes = {
					AF43B9CE291901E800D9871A = {
						CreatedOnToolsVersion = 14.1;
					};
				};
			};
			buildConfigurationList = AF43B9CA291901E800D9871A /* Build configuration list for PBXProject "ft_hangouts" */;
			compatibilityVersion = "Xcode 14.0";
			developmentRegion = en;
			hasScannedForEncodings = 0;
			knownRegions = (
				en,
				Base,
			);
			mainGroup = AF43B9C6291901E800D9871A;
			productRefGroup = AF43B9D0291901E800D9871A /* Products */;
			projectDirPath = "";
			projectRoot = "";
			targets = (
				AF43B9CE291901E800D9871A /* ft_hangouts */,
			);
		};
/* End PBXProject section */

/* Begin PBXResourcesBuildPhase section */
		AF43B9CD291901E800D9871A /* Resources */ = {
			isa = PBXResourcesBuildPhase;
			buildActionMask = 2147483647;
			files = (
				AF43B9E2291901EB00D9871A /* LaunchScreen.storyboard in Resources */,
				AF43B9DF291901EB00D9871A /* Assets.xcassets in Resources */,
				AF43B9DA291901E800D9871A /* Main.storyboard in Resources */,
			);
			runOnlyForDeploymentPostprocessing = 0;
		};
/* End PBXResourcesBuildPhase section */

/* Begin PBXSourcesBuildPhase section */
		AF43B9CB291901E800D9871A /* Sources */ = {
			isa = PBXSourcesBuildPhase;
			buildActionMask = 2147483647;
			files = (
				AF43BA06291A716900D9871A /* ContactData+CoreDataProperties.swift in Sources */,
				AF43BA02291A711700D9871A /* Contacts.xcdatamodeld in Sources */,
				AF43BA05291A716900D9871A /* ContactData+CoreDataClass.swift in Sources */,
				AF43B9D7291901E800D9871A /* ContactsViewController.swift in Sources */,
				AF43B9D3291901E800D9871A /* AppDelegate.swift in Sources */,
				AF43B9D5291901E800D9871A /* SceneDelegate.swift in Sources */,
			);
			runOnlyForDeploymentPostprocessing = 0;
		};
/* End PBXSourcesBuildPhase section */

/* Begin PBXVariantGroup section */
		AF43B9D8291901E800D9871A /* Main.storyboard */ = {
			isa = PBXVariantGroup;
			children = (
				AF43B9D9291901E800D9871A /* Base */,
			);
			name = Main.storyboard;
			sourceTree = "<group>";
		};
		AF43B9E0291901EB00D9871A /* LaunchScreen.storyboard */ = {
			isa = PBXVariantGroup;
			children = (
				AF43B9E1291901EB00D9871A /* Base */,
			);
			name = LaunchScreen.storyboard;
			sourceTree = "<group>";
		};
/* End PBXVariantGroup section */

/* Begin XCBuildConfiguration section */
		AF43B9E4291901EB00D9871A /* Debug */ = {
			isa = XCBuildConfiguration;
			buildSettings = {
				ALWAYS_SEARCH_USER_PATHS = NO;
				CLANG_ANALYZER_NONNULL = YES;
				CLANG_ANALYZER_NUMBER_OBJECT_CONVERSION = YES_AGGRESSIVE;
				CLANG_CXX_LANGUAGE_STANDARD = "gnu++20";
				CLANG_ENABLE_MODULES = YES;
				CLANG_ENABLE_OBJC_ARC = YES;
				CLANG_ENABLE_OBJC_WEAK = YES;
				CLANG_WARN_BLOCK_CAPTURE_AUTORELEASING = YES;
				CLANG_WARN_BOOL_CONVERSION = YES;
				CLANG_WARN_COMMA = YES;
				CLANG_WARN_CONSTANT_CONVERSION = YES;
				CLANG_WARN_DEPRECATED_OBJC_IMPLEMENTATIONS = YES;
				CLANG_WARN_DIRECT_OBJC_ISA_USAGE = YES_ERROR;
				CLANG_WARN_DOCUMENTATION_COMMENTS = YES;
				CLANG_WARN_EMPTY_BODY = YES;
				CLANG_WARN_ENUM_CONVERSION = YES;
				CLANG_WARN_INFINITE_RECURSION = YES;
				CLANG_WARN_INT_CONVERSION = YES;
				CLANG_WARN_NON_LITERAL_NULL_CONVERSION = YES;
				CLANG_WARN_OBJC_IMPLICIT_RETAIN_SELF = YES;
				CLANG_WARN_OBJC_LITERAL_CONVERSION = YES;
				CLANG_WARN_OBJC_ROOT_CLASS = YES_ERROR;
				CLANG_WARN_QUOTED_INCLUDE_IN_FRAMEWORK_HEADER = YES;
				CLANG_WARN_RANGE_LOOP_ANALYSIS = YES;
				CLANG_WARN_STRICT_PROTOTYPES = YES;
				CLANG_WARN_SUSPICIOUS_MOVE = YES;
				CLANG_WARN_UNGUARDED_AVAILABILITY = YES_AGGRESSIVE;
				CLANG_WARN_UNREACHABLE_CODE = YES;
				CLANG_WARN__DUPLICATE_METHOD_MATCH = YES;
				COPY_PHASE_STRIP = NO;
				DEBUG_INFORMATION_FORMAT = dwarf;
				ENABLE_STRICT_OBJC_MSGSEND = YES;
				ENABLE_TESTABILITY = YES;
				GCC_C_LANGUAGE_STANDARD = gnu11;
				GCC_DYNAMIC_NO_PIC = NO;
				GCC_NO_COMMON_BLOCKS = YES;
				GCC_OPTIMIZATION_LEVEL = 0;
				GCC_PREPROCESSOR_DEFINITIONS = (
					"DEBUG=1",
					"$(inherited)",
				);
				GCC_WARN_64_TO_32_BIT_CONVERSION = YES;
				GCC_WARN_ABOUT_RETURN_TYPE = YES_ERROR;
				GCC_WARN_UNDECLARED_SELECTOR = YES;
				GCC_WARN_UNINITIALIZED_AUTOS = YES_AGGRESSIVE;
				GCC_WARN_UNUSED_FUNCTION = YES;
				GCC_WARN_UNUSED_VARIABLE = YES;
				IPHONEOS_DEPLOYMENT_TARGET = 16.1;
				MTL_ENABLE_DEBUG_INFO = INCLUDE_SOURCE;
				MTL_FAST_MATH = YES;
				ONLY_ACTIVE_ARCH = YES;
				SDKROOT = iphoneos;
				SWIFT_ACTIVE_COMPILATION_CONDITIONS = DEBUG;
				SWIFT_OPTIMIZATION_LEVEL = "-Onone";
			};
			name = Debug;
		};
		AF43B9E5291901EB00D9871A /* Release */ = {
			isa = XCBuildConfiguration;
			buildSettings = {
				ALWAYS_SEARCH_USER_PATHS = NO;
				CLANG_ANALYZER_NONNULL = YES;
				CLANG_ANALYZER_NUMBER_OBJECT_CONVERSION = YES_AGGRESSIVE;
				CLANG_CXX_LANGUAGE_STANDARD = "gnu++20";
				CLANG_ENABLE_MODULES = YES;
				CLANG_ENABLE_OBJC_ARC = YES;
				CLANG_ENABLE_OBJC_WEAK = YES;
				CLANG_WARN_BLOCK_CAPTURE_AUTORELEASING = YES;
				CLANG_WARN_BOOL_CONVERSION = YES;
				CLANG_WARN_COMMA = YES;
				CLANG_WARN_CONSTANT_CONVERSION = YES;
				CLANG_WARN_DEPRECATED_OBJC_IMPLEMENTATIONS = YES;
				CLANG_WARN_DIRECT_OBJC_ISA_USAGE = YES_ERROR;
				CLANG_WARN_DOCUMENTATION_COMMENTS = YES;
				CLANG_WARN_EMPTY_BODY = YES;
				CLANG_WARN_ENUM_CONVERSION = YES;
				CLANG_WARN_INFINITE_RECURSION = YES;
				CLANG_WARN_INT_CONVERSION = YES;
				CLANG_WARN_NON_LITERAL_NULL_CONVERSION = YES;
				CLANG_WARN_OBJC_IMPLICIT_RETAIN_SELF = YES;
				CLANG_WARN_OBJC_LITERAL_CONVERSION = YES;
				CLANG_WARN_OBJC_ROOT_CLASS = YES_ERROR;
				CLANG_WARN_QUOTED_INCLUDE_IN_FRAMEWORK_HEADER = YES;
				CLANG_WARN_RANGE_LOOP_ANALYSIS = YES;
				CLANG_WARN_STRICT_PROTOTYPES = YES;
				CLANG_WARN_SUSPICIOUS_MOVE = YES;
				CLANG_WARN_UNGUARDED_AVAILABILITY = YES_AGGRESSIVE;
				CLANG_WARN_UNREACHABLE_CODE = YES;
				CLANG_WARN__DUPLICATE_METHOD_MATCH = YES;
				COPY_PHASE_STRIP = NO;
				DEBUG_INFORMATION_FORMAT = "dwarf-with-dsym";
				ENABLE_NS_ASSERTIONS = NO;
				ENABLE_STRICT_OBJC_MSGSEND = YES;
				GCC_C_LANGUAGE_STANDARD = gnu11;
				GCC_NO_COMMON_BLOCKS = YES;
				GCC_WARN_64_TO_32_BIT_CONVERSION = YES;
				GCC_WARN_ABOUT_RETURN_TYPE = YES_ERROR;
				GCC_WARN_UNDECLARED_SELECTOR = YES;
				GCC_WARN_UNINITIALIZED_AUTOS = YES_AGGRESSIVE;
				GCC_WARN_UNUSED_FUNCTION = YES;
				GCC_WARN_UNUSED_VARIABLE = YES;
				IPHONEOS_DEPLOYMENT_TARGET = 16.1;
				MTL_ENABLE_DEBUG_INFO = NO;
				MTL_FAST_MATH = YES;
				SDKROOT = iphoneos;
				SWIFT_COMPILATION_MODE = wholemodule;
				SWIFT_OPTIMIZATION_LEVEL = "-O";
				VALIDATE_PRODUCT = YES;
			};
			name = Release;
		};
		AF43B9E7291901EB00D9871A /* Debug */ = {
			isa = XCBuildConfiguration;
			buildSettings = {
				ASSETCATALOG_COMPILER_APPICON_NAME = AppIcon;
				ASSETCATALOG_COMPILER_GLOBAL_ACCENT_COLOR_NAME = AccentColor;
				CODE_SIGN_STYLE = Automatic;
				CURRENT_PROJECT_VERSION = 1;
				DEVELOPMENT_TEAM = UJZ22F5K9V;
				GENERATE_INFOPLIST_FILE = YES;
				INFOPLIST_FILE = ft_hangouts/Info.plist;
				INFOPLIST_KEY_LSApplicationCategoryType = "public.app-category.social-networking";
				INFOPLIST_KEY_UIApplicationSupportsIndirectInputEvents = YES;
				INFOPLIST_KEY_UILaunchStoryboardName = LaunchScreen;
				INFOPLIST_KEY_UIMainStoryboardFile = Main;
				INFOPLIST_KEY_UISupportedInterfaceOrientations_iPad = "UIInterfaceOrientationPortrait UIInterfaceOrientationPortraitUpsideDown UIInterfaceOrientationLandscapeLeft UIInterfaceOrientationLandscapeRight";
				INFOPLIST_KEY_UISupportedInterfaceOrientations_iPhone = "UIInterfaceOrientationPortrait UIInterfaceOrientationLandscapeLeft UIInterfaceOrientationLandscapeRight";
				LD_RUNPATH_SEARCH_PATHS = (
					"$(inherited)",
					"@executable_path/Frameworks",
				);
				MARKETING_VERSION = 1.0;
				PRODUCT_BUNDLE_IDENTIFIER = "dredfort.42.ft-hangouts";
				PRODUCT_NAME = "$(TARGET_NAME)";
				SUPPORTED_PLATFORMS = "iphoneos iphonesimulator";
				SUPPORTS_MACCATALYST = NO;
				SUPPORTS_MAC_DESIGNED_FOR_IPHONE_IPAD = NO;
				SWIFT_EMIT_LOC_STRINGS = YES;
				SWIFT_VERSION = 5.0;
				TARGETED_DEVICE_FAMILY = 1;
			};
			name = Debug;
		};
		AF43B9E8291901EB00D9871A /* Release */ = {
			isa = XCBuildConfiguration;
			buildSettings = {
				ASSETCATALOG_COMPILER_APPICON_NAME = AppIcon;
				ASSETCATALOG_COMPILER_GLOBAL_ACCENT_COLOR_NAME = AccentColor;
				CODE_SIGN_STYLE = Automatic;
				CURRENT_PROJECT_VERSION = 1;
				DEVELOPMENT_TEAM = UJZ22F5K9V;
				GENERATE_INFOPLIST_FILE = YES;
				INFOPLIST_FILE = ft_hangouts/Info.plist;
				INFOPLIST_KEY_LSApplicationCategoryType = "public.app-category.social-networking";
				INFOPLIST_KEY_UIApplicationSupportsIndirectInputEvents = YES;
				INFOPLIST_KEY_UILaunchStoryboardName = LaunchScreen;
				INFOPLIST_KEY_UIMainStoryboardFile = Main;
				INFOPLIST_KEY_UISupportedInterfaceOrientations_iPad = "UIInterfaceOrientationPortrait UIInterfaceOrientationPortraitUpsideDown UIInterfaceOrientationLandscapeLeft UIInterfaceOrientationLandscapeRight";
				INFOPLIST_KEY_UISupportedInterfaceOrientations_iPhone = "UIInterfaceOrientationPortrait UIInterfaceOrientationLandscapeLeft UIInterfaceOrientationLandscapeRight";
				LD_RUNPATH_SEARCH_PATHS = (
					"$(inherited)",
					"@executable_path/Frameworks",
				);
				MARKETING_VERSION = 1.0;
				PRODUCT_BUNDLE_IDENTIFIER = "dredfort.42.ft-hangouts";
				PRODUCT_NAME = "$(TARGET_NAME)";
				SUPPORTED_PLATFORMS = "iphoneos iphonesimulator";
				SUPPORTS_MACCATALYST = NO;
				SUPPORTS_MAC_DESIGNED_FOR_IPHONE_IPAD = NO;
				SWIFT_EMIT_LOC_STRINGS = YES;
				SWIFT_VERSION = 5.0;
				TARGETED_DEVICE_FAMILY = 1;
			};
			name = Release;
		};
/* End XCBuildConfiguration section */

/* Begin XCConfigurationList section */
		AF43B9CA291901E800D9871A /* Build configuration list for PBXProject "ft_hangouts" */ = {
			isa = XCConfigurationList;
			buildConfigurations = (
				AF43B9E4291901EB00D9871A /* Debug */,
				AF43B9E5291901EB00D9871A /* Release */,
			);
			defaultConfigurationIsVisible = 0;
			defaultConfigurationName = Release;
		};
		AF43B9E6291901EB00D9871A /* Build configuration list for PBXNativeTarget "ft_hangouts" */ = {
			isa = XCConfigurationList;
			buildConfigurations = (
				AF43B9E7291901EB00D9871A /* Debug */,
				AF43B9E8291901EB00D9871A /* Release */,
			);
			defaultConfigurationIsVisible = 0;
			defaultConfigurationName = Release;
		};
/* End XCConfigurationList section */

/* Begin XCVersionGroup section */
		AF43BA00291A711700D9871A /* Contacts.xcdatamodeld */ = {
			isa = XCVersionGroup;
			children = (
				AF43BA01291A711700D9871A /* Contacts.xcdatamodel */,
			);
			currentVersion = AF43BA01291A711700D9871A /* Contacts.xcdatamodel */;
			path = Contacts.xcdatamodeld;
			sourceTree = "<group>";
			versionGroupType = wrapper.xcdatamodel;
		};
/* End XCVersionGroup section */
	};
	rootObject = AF43B9C7291901E800D9871A /* Project object */;
}
